// !$*UTF8*$!
{
	archiveVersion = 1;
	classes = {
	};
	objectVersion = 51;
	objects = {

/* Begin PBXBuildFile section */
		2810EAC9091B4B5A033621E5 /* Storyboarded.swift in Sources */ = {isa = PBXBuildFile; fileRef = 814D1CB13D4BA1FF4A46F79B /* Storyboarded.swift */; };
		2EC24B0F85E76386DBE5CEA4 /* MainMenuViewController.swift in Sources */ = {isa = PBXBuildFile; fileRef = 5E60D604BDE3A7C117A1DF3E /* MainMenuViewController.swift */; };
		3EBD4DE2E4A69F89887D72B5 /* News.swift in Sources */ = {isa = PBXBuildFile; fileRef = F0CC59633ECEF680874E732B /* News.swift */; };
		6088DE894B65683D2852F29A /* CoordinatorProtocol.swift in Sources */ = {isa = PBXBuildFile; fileRef = 44650FE5DAF7AE53DC16FE80 /* CoordinatorProtocol.swift */; };
		67A78857455D17D0626DF617 /* Pods_XcodeGenSampleTests.framework in Frameworks */ = {isa = PBXBuildFile; fileRef = 68C89FF1B1992B1C5E9225D9 /* Pods_XcodeGenSampleTests.framework */; };
		796F1DA2AC5540C2061FE860 /* Pods_XcodeGenSample.framework in Frameworks */ = {isa = PBXBuildFile; fileRef = 160AEFC5CAD813146425DDC1 /* Pods_XcodeGenSample.framework */; };
		81C32B5270A3E513D544F60B /* MainMenuStoryBoard.storyboard in Resources */ = {isa = PBXBuildFile; fileRef = CD2B3393353C3A83F29C9CD0 /* MainMenuStoryBoard.storyboard */; };
		A115FE8E9F24416B23171378 /* MainCoordinator.swift in Sources */ = {isa = PBXBuildFile; fileRef = 79EA78503245096B88A72473 /* MainCoordinator.swift */; };
		A1448F02DFC90FFD904C0018 /* MainMenuViewModel.swift in Sources */ = {isa = PBXBuildFile; fileRef = 5FA0CE94623206C9BB0709BC /* MainMenuViewModel.swift */; };
		A66E1676FF336E3F3B26AFA6 /* RegisterViewController.swift in Sources */ = {isa = PBXBuildFile; fileRef = 7CEADED93EFF0D0DF3EFB6E5 /* RegisterViewController.swift */; };
		C9A1299A4E9A869730C65D99 /* LoginStoryBoard.storyboard in Resources */ = {isa = PBXBuildFile; fileRef = 0A4C6B58F6847CD3866C6B60 /* LoginStoryBoard.storyboard */; };
		EBE7E43EEA8482412AA24D59 /* LoginViewController.swift in Sources */ = {isa = PBXBuildFile; fileRef = 55C4DCE1B66F17E085A475BD /* LoginViewController.swift */; };
		F3A5C0ADCAE2605D5D49D5D6 /* RegisterStoryBoard.storyboard in Resources */ = {isa = PBXBuildFile; fileRef = F38AA2618680E63F878E8FAD /* RegisterStoryBoard.storyboard */; };
		F41E47C727623C5700F2286F /* LoginScreenTests.swift in Sources */ = {isa = PBXBuildFile; fileRef = F41E479C275FCDF900F2286F /* LoginScreenTests.swift */; };
		F41E47C827623C5A00F2286F /* ScreenSizes.swift in Sources */ = {isa = PBXBuildFile; fileRef = F41E479E275FDBBE00F2286F /* ScreenSizes.swift */; };
		F41E47C927623C5E00F2286F /* BaseSnapShotTest.swift in Sources */ = {isa = PBXBuildFile; fileRef = F41E47A0276233B100F2286F /* BaseSnapShotTest.swift */; };
		F41E47CD2762C0C400F2286F /* StatesData.swift in Sources */ = {isa = PBXBuildFile; fileRef = F41E47CC2762C0C400F2286F /* StatesData.swift */; };
		F41E47CF2762C1EA00F2286F /* HTTPNetworkClient.swift in Sources */ = {isa = PBXBuildFile; fileRef = F41E47CE2762C1EA00F2286F /* HTTPNetworkClient.swift */; };
		F41E47D22762D87D00F2286F /* StatesTableViewCell.xib in Resources */ = {isa = PBXBuildFile; fileRef = F41E47D12762D87D00F2286F /* StatesTableViewCell.xib */; };
		F41E47D42762D8A400F2286F /* StatesTableViewCell.swift in Sources */ = {isa = PBXBuildFile; fileRef = F41E47D32762D8A400F2286F /* StatesTableViewCell.swift */; };
		F464CDFB2763995700F4EC83 /* Data.swift in Sources */ = {isa = PBXBuildFile; fileRef = F464CDFA2763995700F4EC83 /* Data.swift */; };
		F46886E7275D65AC001A2A24 /* FeedMenuStoryBoard.storyboard in Resources */ = {isa = PBXBuildFile; fileRef = F46886E6275D65AC001A2A24 /* FeedMenuStoryBoard.storyboard */; };
		F46886E9275D65CD001A2A24 /* FeedMenuViewController.swift in Sources */ = {isa = PBXBuildFile; fileRef = F46886E8275D65CD001A2A24 /* FeedMenuViewController.swift */; };
		F46886EB275D65E5001A2A24 /* FeedMenuViewModel.swift in Sources */ = {isa = PBXBuildFile; fileRef = F46886EA275D65E5001A2A24 /* FeedMenuViewModel.swift */; };
		F46886EE275D77CC001A2A24 /* LoginViewModel.swift in Sources */ = {isa = PBXBuildFile; fileRef = F46886ED275D77CC001A2A24 /* LoginViewModel.swift */; };
		F46886F0275D7AA8001A2A24 /* RegisterViewModel.swift in Sources */ = {isa = PBXBuildFile; fileRef = F46886EF275D7AA8001A2A24 /* RegisterViewModel.swift */; };
		F46E38FD277385BC00808312 /* StatesDataMock.swift in Sources */ = {isa = PBXBuildFile; fileRef = F46E38FC277385BC00808312 /* StatesDataMock.swift */; };
		F46E38FF27739BD700808312 /* TestStatesDataRequest.swift in Sources */ = {isa = PBXBuildFile; fileRef = F46E38FE27739BD700808312 /* TestStatesDataRequest.swift */; };
		F46E39012774A0A100808312 /* FeedMenuScreenTest.swift in Sources */ = {isa = PBXBuildFile; fileRef = F46E39002774A0A100808312 /* FeedMenuScreenTest.swift */; };
		F46E39032774C05200808312 /* TableViewCellSnapShotContainer.swift in Sources */ = {isa = PBXBuildFile; fileRef = F46E39022774C05200808312 /* TableViewCellSnapShotContainer.swift */; };
		F4CA666C2757F204008EEAA6 /* main.swift in Sources */ = {isa = PBXBuildFile; fileRef = F4CA666A2757F204008EEAA6 /* main.swift */; };
		F4CA666D2757F204008EEAA6 /* AppDelegate.swift in Sources */ = {isa = PBXBuildFile; fileRef = F4CA666B2757F204008EEAA6 /* AppDelegate.swift */; };
		F4D95AAB276F7AC1001ED03E /* FetchStatesDataUseCase.swift in Sources */ = {isa = PBXBuildFile; fileRef = F4D95AAA276F7AC0001ED03E /* FetchStatesDataUseCase.swift */; };
/* End PBXBuildFile section */

/* Begin PBXContainerItemProxy section */
		F41E47C227623C4600F2286F /* PBXContainerItemProxy */ = {
			isa = PBXContainerItemProxy;
			containerPortal = 0DA2213E977D40793E73C0F0 /* Project object */;
			proxyType = 1;
			remoteGlobalIDString = 4B10A4F852AC5D61665DA1DA;
			remoteInfo = XcodeGenSample;
		};
/* End PBXContainerItemProxy section */

/* Begin PBXFileReference section */
		04DDB5CD48FEBBDA4B28D244 /* Pods-XcodeGenSample.release.xcconfig */ = {isa = PBXFileReference; includeInIndex = 1; lastKnownFileType = text.xcconfig; name = "Pods-XcodeGenSample.release.xcconfig"; path = "Target Support Files/Pods-XcodeGenSample/Pods-XcodeGenSample.release.xcconfig"; sourceTree = "<group>"; };
		0A4C6B58F6847CD3866C6B60 /* LoginStoryBoard.storyboard */ = {isa = PBXFileReference; lastKnownFileType = file.storyboard; path = LoginStoryBoard.storyboard; sourceTree = "<group>"; };
		160AEFC5CAD813146425DDC1 /* Pods_XcodeGenSample.framework */ = {isa = PBXFileReference; explicitFileType = wrapper.framework; includeInIndex = 0; path = Pods_XcodeGenSample.framework; sourceTree = BUILT_PRODUCTS_DIR; };
		266BAC24566D7976F125AA73 /* Pods-XcodeGenSampleTests.debug.xcconfig */ = {isa = PBXFileReference; includeInIndex = 1; lastKnownFileType = text.xcconfig; name = "Pods-XcodeGenSampleTests.debug.xcconfig"; path = "Target Support Files/Pods-XcodeGenSampleTests/Pods-XcodeGenSampleTests.debug.xcconfig"; sourceTree = "<group>"; };
		44650FE5DAF7AE53DC16FE80 /* CoordinatorProtocol.swift */ = {isa = PBXFileReference; lastKnownFileType = sourcecode.swift; path = CoordinatorProtocol.swift; sourceTree = "<group>"; };
		55C4DCE1B66F17E085A475BD /* LoginViewController.swift */ = {isa = PBXFileReference; lastKnownFileType = sourcecode.swift; path = LoginViewController.swift; sourceTree = "<group>"; };
		5E60D604BDE3A7C117A1DF3E /* MainMenuViewController.swift */ = {isa = PBXFileReference; lastKnownFileType = sourcecode.swift; path = MainMenuViewController.swift; sourceTree = "<group>"; };
		5FA0CE94623206C9BB0709BC /* MainMenuViewModel.swift */ = {isa = PBXFileReference; lastKnownFileType = sourcecode.swift; path = MainMenuViewModel.swift; sourceTree = "<group>"; };
		68C89FF1B1992B1C5E9225D9 /* Pods_XcodeGenSampleTests.framework */ = {isa = PBXFileReference; explicitFileType = wrapper.framework; includeInIndex = 0; path = Pods_XcodeGenSampleTests.framework; sourceTree = BUILT_PRODUCTS_DIR; };
		79EA78503245096B88A72473 /* MainCoordinator.swift */ = {isa = PBXFileReference; lastKnownFileType = sourcecode.swift; path = MainCoordinator.swift; sourceTree = "<group>"; };
		7CEADED93EFF0D0DF3EFB6E5 /* RegisterViewController.swift */ = {isa = PBXFileReference; lastKnownFileType = sourcecode.swift; path = RegisterViewController.swift; sourceTree = "<group>"; };
		814D1CB13D4BA1FF4A46F79B /* Storyboarded.swift */ = {isa = PBXFileReference; lastKnownFileType = sourcecode.swift; path = Storyboarded.swift; sourceTree = "<group>"; };
		8BAD1A6106C59597CD7891F8 /* Pods-XcodeGenSampleTests.release.xcconfig */ = {isa = PBXFileReference; includeInIndex = 1; lastKnownFileType = text.xcconfig; name = "Pods-XcodeGenSampleTests.release.xcconfig"; path = "Target Support Files/Pods-XcodeGenSampleTests/Pods-XcodeGenSampleTests.release.xcconfig"; sourceTree = "<group>"; };
		B8BD1AD3605BFAB47042C7EF /* Pods-XcodeGenSample.debug.xcconfig */ = {isa = PBXFileReference; includeInIndex = 1; lastKnownFileType = text.xcconfig; name = "Pods-XcodeGenSample.debug.xcconfig"; path = "Target Support Files/Pods-XcodeGenSample/Pods-XcodeGenSample.debug.xcconfig"; sourceTree = "<group>"; };
		CD2B3393353C3A83F29C9CD0 /* MainMenuStoryBoard.storyboard */ = {isa = PBXFileReference; lastKnownFileType = file.storyboard; path = MainMenuStoryBoard.storyboard; sourceTree = "<group>"; };
		E5199F560D2FDC0202F582C4 /* Info.plist */ = {isa = PBXFileReference; lastKnownFileType = text.plist.xml; path = Info.plist; sourceTree = "<group>"; };
		E9AAE5C3AE30D230C04CF498 /* XcodeGenSample.app */ = {isa = PBXFileReference; explicitFileType = wrapper.application; includeInIndex = 0; path = XcodeGenSample.app; sourceTree = BUILT_PRODUCTS_DIR; };
		F0CC59633ECEF680874E732B /* News.swift */ = {isa = PBXFileReference; lastKnownFileType = sourcecode.swift; path = News.swift; sourceTree = "<group>"; };
		F38AA2618680E63F878E8FAD /* RegisterStoryBoard.storyboard */ = {isa = PBXFileReference; lastKnownFileType = file.storyboard; path = RegisterStoryBoard.storyboard; sourceTree = "<group>"; };
		F41E479C275FCDF900F2286F /* LoginScreenTests.swift */ = {isa = PBXFileReference; lastKnownFileType = sourcecode.swift; path = LoginScreenTests.swift; sourceTree = "<group>"; };
		F41E479E275FDBBE00F2286F /* ScreenSizes.swift */ = {isa = PBXFileReference; lastKnownFileType = sourcecode.swift; path = ScreenSizes.swift; sourceTree = "<group>"; };
		F41E47A0276233B100F2286F /* BaseSnapShotTest.swift */ = {isa = PBXFileReference; lastKnownFileType = sourcecode.swift; path = BaseSnapShotTest.swift; sourceTree = "<group>"; };
		F41E47BE27623C4600F2286F /* XcodeGenSampleTests.xctest */ = {isa = PBXFileReference; explicitFileType = wrapper.cfbundle; includeInIndex = 0; path = XcodeGenSampleTests.xctest; sourceTree = BUILT_PRODUCTS_DIR; };
		F41E47CC2762C0C400F2286F /* StatesData.swift */ = {isa = PBXFileReference; lastKnownFileType = sourcecode.swift; path = StatesData.swift; sourceTree = "<group>"; };
		F41E47CE2762C1EA00F2286F /* HTTPNetworkClient.swift */ = {isa = PBXFileReference; lastKnownFileType = sourcecode.swift; path = HTTPNetworkClient.swift; sourceTree = "<group>"; };
		F41E47D12762D87D00F2286F /* StatesTableViewCell.xib */ = {isa = PBXFileReference; lastKnownFileType = file.xib; path = StatesTableViewCell.xib; sourceTree = "<group>"; };
		F41E47D32762D8A400F2286F /* StatesTableViewCell.swift */ = {isa = PBXFileReference; lastKnownFileType = sourcecode.swift; path = StatesTableViewCell.swift; sourceTree = "<group>"; };
		F464CDFA2763995700F4EC83 /* Data.swift */ = {isa = PBXFileReference; lastKnownFileType = sourcecode.swift; path = Data.swift; sourceTree = "<group>"; };
		F46886E6275D65AC001A2A24 /* FeedMenuStoryBoard.storyboard */ = {isa = PBXFileReference; lastKnownFileType = file.storyboard; path = FeedMenuStoryBoard.storyboard; sourceTree = "<group>"; };
		F46886E8275D65CD001A2A24 /* FeedMenuViewController.swift */ = {isa = PBXFileReference; lastKnownFileType = sourcecode.swift; path = FeedMenuViewController.swift; sourceTree = "<group>"; };
		F46886EA275D65E5001A2A24 /* FeedMenuViewModel.swift */ = {isa = PBXFileReference; lastKnownFileType = sourcecode.swift; path = FeedMenuViewModel.swift; sourceTree = "<group>"; };
		F46886ED275D77CC001A2A24 /* LoginViewModel.swift */ = {isa = PBXFileReference; lastKnownFileType = sourcecode.swift; path = LoginViewModel.swift; sourceTree = "<group>"; };
		F46886EF275D7AA8001A2A24 /* RegisterViewModel.swift */ = {isa = PBXFileReference; lastKnownFileType = sourcecode.swift; path = RegisterViewModel.swift; sourceTree = "<group>"; };
		F46E38FC277385BC00808312 /* StatesDataMock.swift */ = {isa = PBXFileReference; lastKnownFileType = sourcecode.swift; path = StatesDataMock.swift; sourceTree = "<group>"; };
		F46E38FE27739BD700808312 /* TestStatesDataRequest.swift */ = {isa = PBXFileReference; lastKnownFileType = sourcecode.swift; path = TestStatesDataRequest.swift; sourceTree = "<group>"; };
		F46E39002774A0A100808312 /* FeedMenuScreenTest.swift */ = {isa = PBXFileReference; lastKnownFileType = sourcecode.swift; path = FeedMenuScreenTest.swift; sourceTree = "<group>"; };
		F46E39022774C05200808312 /* TableViewCellSnapShotContainer.swift */ = {isa = PBXFileReference; lastKnownFileType = sourcecode.swift; path = TableViewCellSnapShotContainer.swift; sourceTree = "<group>"; };
		F4CA666A2757F204008EEAA6 /* main.swift */ = {isa = PBXFileReference; fileEncoding = 4; lastKnownFileType = sourcecode.swift; path = main.swift; sourceTree = "<group>"; };
		F4CA666B2757F204008EEAA6 /* AppDelegate.swift */ = {isa = PBXFileReference; fileEncoding = 4; lastKnownFileType = sourcecode.swift; path = AppDelegate.swift; sourceTree = "<group>"; };
		F4CA6676275A5446008EEAA6 /* XcodeGenSample.entitlements */ = {isa = PBXFileReference; lastKnownFileType = text.plist.entitlements; path = XcodeGenSample.entitlements; sourceTree = "<group>"; };
		F4D95AAA276F7AC0001ED03E /* FetchStatesDataUseCase.swift */ = {isa = PBXFileReference; lastKnownFileType = sourcecode.swift; path = FetchStatesDataUseCase.swift; sourceTree = "<group>"; };
/* End PBXFileReference section */

/* Begin PBXFrameworksBuildPhase section */
		DEFF979EC6EDD62A6C2D8966 /* Frameworks */ = {
			isa = PBXFrameworksBuildPhase;
			buildActionMask = 2147483647;
			files = (
				796F1DA2AC5540C2061FE860 /* Pods_XcodeGenSample.framework in Frameworks */,
			);
			runOnlyForDeploymentPostprocessing = 0;
		};
		F41E47BB27623C4600F2286F /* Frameworks */ = {
			isa = PBXFrameworksBuildPhase;
			buildActionMask = 2147483647;
			files = (
				67A78857455D17D0626DF617 /* Pods_XcodeGenSampleTests.framework in Frameworks */,
			);
			runOnlyForDeploymentPostprocessing = 0;
		};
/* End PBXFrameworksBuildPhase section */

/* Begin PBXGroup section */
		0B4C73F19015F65C35A0EBAB /* Home */ = {
			isa = PBXGroup;
			children = (
				F46886EA275D65E5001A2A24 /* FeedMenuViewModel.swift */,
				F46886E8275D65CD001A2A24 /* FeedMenuViewController.swift */,
			);
			path = Home;
			sourceTree = "<group>";
		};
		2D08A7252F954D23D8CB4303 /* Products */ = {
			isa = PBXGroup;
			children = (
				E9AAE5C3AE30D230C04CF498 /* XcodeGenSample.app */,
				F41E47BE27623C4600F2286F /* XcodeGenSampleTests.xctest */,
			);
			name = Products;
			sourceTree = "<group>";
		};
		32450357E120CECC23413F48 /* iOSChallenge */ = {
			isa = PBXGroup;
			children = (
				F432245A277B574600C43478 /* Infrastructure */,
				F4322459277B573F00C43478 /* Domain */,
				F4322458277B573800C43478 /* Application */,
				F4322457277B572E00C43478 /* Presentation */,
				F4322453277B567500C43478 /* Main */,
			);
			path = iOSChallenge;
			sourceTree = "<group>";
		};
		5695193AC034996F145C7721 /* Models */ = {
			isa = PBXGroup;
			children = (
				F0CC59633ECEF680874E732B /* News.swift */,
				F41E47CC2762C0C400F2286F /* StatesData.swift */,
				F464CDFA2763995700F4EC83 /* Data.swift */,
			);
			path = Models;
			sourceTree = "<group>";
		};
		6163E6DA7B3E06E8523169F0 /* Frameworks */ = {
			isa = PBXGroup;
			children = (
				160AEFC5CAD813146425DDC1 /* Pods_XcodeGenSample.framework */,
				68C89FF1B1992B1C5E9225D9 /* Pods_XcodeGenSampleTests.framework */,
			);
			name = Frameworks;
			sourceTree = "<group>";
		};
		7B5B5F4DC69109D734354248 /* iOSChallengeTests */ = {
			isa = PBXGroup;
			children = (
				F4322469277B5C2C00C43478 /* Base */,
				F4322467277B5BB500C43478 /* Snapshots */,
				F4322466277B5B1600C43478 /* Presentation */,
				F4322465277B5B0700C43478 /* Application */,
				F4322464277B5B0000C43478 /* Domain */,
				F4322463277B5AF200C43478 /* Infrastructure */,
			);
			path = iOSChallengeTests;
			sourceTree = "<group>";
		};
		A0EE85990684F8B66F9D1335 = {
			isa = PBXGroup;
			children = (
				F4CA6676275A5446008EEAA6 /* XcodeGenSample.entitlements */,
				32450357E120CECC23413F48 /* iOSChallenge */,
				7B5B5F4DC69109D734354248 /* iOSChallengeTests */,
				2D08A7252F954D23D8CB4303 /* Products */,
				B34CC933BA175C3F4D4F080A /* Pods */,
				6163E6DA7B3E06E8523169F0 /* Frameworks */,
			);
			sourceTree = "<group>";
		};
		B34CC933BA175C3F4D4F080A /* Pods */ = {
			isa = PBXGroup;
			children = (
				B8BD1AD3605BFAB47042C7EF /* Pods-XcodeGenSample.debug.xcconfig */,
				04DDB5CD48FEBBDA4B28D244 /* Pods-XcodeGenSample.release.xcconfig */,
				266BAC24566D7976F125AA73 /* Pods-XcodeGenSampleTests.debug.xcconfig */,
				8BAD1A6106C59597CD7891F8 /* Pods-XcodeGenSampleTests.release.xcconfig */,
			);
			path = Pods;
			sourceTree = "<group>";
		};
		EFAB6A78A0E6B29807230CE3 /* Coordinators */ = {
			isa = PBXGroup;
			children = (
				44650FE5DAF7AE53DC16FE80 /* CoordinatorProtocol.swift */,
				79EA78503245096B88A72473 /* MainCoordinator.swift */,
			);
			path = Coordinators;
			sourceTree = "<group>";
		};
		F41E47D02762D85500F2286F /* Cells */ = {
			isa = PBXGroup;
			children = (
				F41E47D12762D87D00F2286F /* StatesTableViewCell.xib */,
				F41E47D32762D8A400F2286F /* StatesTableViewCell.swift */,
			);
			path = Cells;
			sourceTree = "<group>";
		};
		F4322453277B567500C43478 /* Main */ = {
			isa = PBXGroup;
			children = (
				F4322461277B5A7A00C43478 /* Bootstrap */,
				F4322454277B56B600C43478 /* Resources */,
			);
			path = Main;
			sourceTree = "<group>";
		};
		F4322454277B56B600C43478 /* Resources */ = {
			isa = PBXGroup;
			children = (
				F4322462277B5A9800C43478 /* Plists */,
				F4322455277B56C100C43478 /* Views */,
			);
			path = Resources;
			sourceTree = "<group>";
		};
		F4322455277B56C100C43478 /* Views */ = {
			isa = PBXGroup;
			children = (
				F4322456277B570700C43478 /* Home */,
				0A4C6B58F6847CD3866C6B60 /* LoginStoryBoard.storyboard */,
				CD2B3393353C3A83F29C9CD0 /* MainMenuStoryBoard.storyboard */,
				F38AA2618680E63F878E8FAD /* RegisterStoryBoard.storyboard */,
			);
			path = Views;
			sourceTree = "<group>";
		};
		F4322456277B570700C43478 /* Home */ = {
			isa = PBXGroup;
			children = (
				F46886E6275D65AC001A2A24 /* FeedMenuStoryBoard.storyboard */,
				F41E47D02762D85500F2286F /* Cells */,
			);
			path = Home;
			sourceTree = "<group>";
		};
		F4322457277B572E00C43478 /* Presentation */ = {
			isa = PBXGroup;
			children = (
				F432245E277B58E200C43478 /* SupportingFiles */,
				F432245D277B584300C43478 /* MainTabBar */,
				F432245C277B580E00C43478 /* Login */,
				F432245B277B57EC00C43478 /* Register */,
				0B4C73F19015F65C35A0EBAB /* Home */,
			);
			path = Presentation;
			sourceTree = "<group>";
		};
		F4322458277B573800C43478 /* Application */ = {
			isa = PBXGroup;
			children = (
				F4322460277B5A5300C43478 /* Home */,
			);
			path = Application;
			sourceTree = "<group>";
		};
		F4322459277B573F00C43478 /* Domain */ = {
			isa = PBXGroup;
			children = (
				5695193AC034996F145C7721 /* Models */,
			);
			path = Domain;
			sourceTree = "<group>";
		};
		F432245A277B574600C43478 /* Infrastructure */ = {
			isa = PBXGroup;
			children = (
				F432245F277B5A1000C43478 /* Network */,
			);
			path = Infrastructure;
			sourceTree = "<group>";
		};
		F432245B277B57EC00C43478 /* Register */ = {
			isa = PBXGroup;
			children = (
				F46886EF275D7AA8001A2A24 /* RegisterViewModel.swift */,
				7CEADED93EFF0D0DF3EFB6E5 /* RegisterViewController.swift */,
			);
			path = Register;
			sourceTree = "<group>";
		};
		F432245C277B580E00C43478 /* Login */ = {
			isa = PBXGroup;
			children = (
				F46886ED275D77CC001A2A24 /* LoginViewModel.swift */,
				55C4DCE1B66F17E085A475BD /* LoginViewController.swift */,
			);
			path = Login;
			sourceTree = "<group>";
		};
		F432245D277B584300C43478 /* MainTabBar */ = {
			isa = PBXGroup;
			children = (
				5FA0CE94623206C9BB0709BC /* MainMenuViewModel.swift */,
				5E60D604BDE3A7C117A1DF3E /* MainMenuViewController.swift */,
			);
			path = MainTabBar;
			sourceTree = "<group>";
		};
		F432245E277B58E200C43478 /* SupportingFiles */ = {
			isa = PBXGroup;
			children = (
				814D1CB13D4BA1FF4A46F79B /* Storyboarded.swift */,
				EFAB6A78A0E6B29807230CE3 /* Coordinators */,
			);
			path = SupportingFiles;
			sourceTree = "<group>";
		};
		F432245F277B5A1000C43478 /* Network */ = {
			isa = PBXGroup;
			children = (
				F41E47CE2762C1EA00F2286F /* HTTPNetworkClient.swift */,
			);
			path = Network;
			sourceTree = "<group>";
		};
		F4322460277B5A5300C43478 /* Home */ = {
			isa = PBXGroup;
			children = (
				F4D95AAA276F7AC0001ED03E /* FetchStatesDataUseCase.swift */,
			);
			path = Home;
			sourceTree = "<group>";
		};
		F4322461277B5A7A00C43478 /* Bootstrap */ = {
			isa = PBXGroup;
			children = (
				F4CA666A2757F204008EEAA6 /* main.swift */,
				F4CA666B2757F204008EEAA6 /* AppDelegate.swift */,
			);
			path = Bootstrap;
			sourceTree = "<group>";
		};
		F4322462277B5A9800C43478 /* Plists */ = {
			isa = PBXGroup;
			children = (
				E5199F560D2FDC0202F582C4 /* Info.plist */,
			);
			path = Plists;
			sourceTree = "<group>";
		};
		F4322463277B5AF200C43478 /* Infrastructure */ = {
			isa = PBXGroup;
			children = (
			);
			path = Infrastructure;
			sourceTree = "<group>";
		};
		F4322464277B5B0000C43478 /* Domain */ = {
			isa = PBXGroup;
			children = (
			);
			path = Domain;
			sourceTree = "<group>";
		};
		F4322465277B5B0700C43478 /* Application */ = {
			isa = PBXGroup;
			children = (
				F46E38FE27739BD700808312 /* TestStatesDataRequest.swift */,
			);
			path = Application;
			sourceTree = "<group>";
		};
		F4322466277B5B1600C43478 /* Presentation */ = {
			isa = PBXGroup;
			children = (
			);
			path = Presentation;
			sourceTree = "<group>";
		};
		F4322467277B5BB500C43478 /* Snapshots */ = {
			isa = PBXGroup;
			children = (
				F432246C277B5D0E00C43478 /* Home */,
				F432246B277B5C5D00C43478 /* Login */,
				F4322468277B5BC600C43478 /* Common */,
			);
			path = Snapshots;
			sourceTree = "<group>";
		};
		F4322468277B5BC600C43478 /* Common */ = {
			isa = PBXGroup;
			children = (
				F41E47A0276233B100F2286F /* BaseSnapShotTest.swift */,
				F46E39022774C05200808312 /* TableViewCellSnapShotContainer.swift */,
				F41E479E275FDBBE00F2286F /* ScreenSizes.swift */,
			);
			path = Common;
			sourceTree = "<group>";
		};
		F4322469277B5C2C00C43478 /* Base */ = {
			isa = PBXGroup;
			children = (
				F432246A277B5C3700C43478 /* Mocks */,
			);
			path = Base;
			sourceTree = "<group>";
		};
		F432246A277B5C3700C43478 /* Mocks */ = {
			isa = PBXGroup;
			children = (
				F46E38FC277385BC00808312 /* StatesDataMock.swift */,
			);
			path = Mocks;
			sourceTree = "<group>";
		};
		F432246B277B5C5D00C43478 /* Login */ = {
			isa = PBXGroup;
			children = (
				F41E479C275FCDF900F2286F /* LoginScreenTests.swift */,
			);
			path = Login;
			sourceTree = "<group>";
		};
		F432246C277B5D0E00C43478 /* Home */ = {
			isa = PBXGroup;
			children = (
				F46E39002774A0A100808312 /* FeedMenuScreenTest.swift */,
			);
			path = Home;
			sourceTree = "<group>";
		};
/* End PBXGroup section */

/* Begin PBXNativeTarget section */
		4B10A4F852AC5D61665DA1DA /* XcodeGenSample */ = {
			isa = PBXNativeTarget;
			buildConfigurationList = 04B1DE7BDA311F04EDDD6B56 /* Build configuration list for PBXNativeTarget "XcodeGenSample" */;
			buildPhases = (
				4DB3B6464E484C2DFD2BFA73 /* [CP] Check Pods Manifest.lock */,
				1B37C8CF625AE0B9682DD5C2 /* Sources */,
				27138C22F769E845172CBC74 /* Resources */,
				DEFF979EC6EDD62A6C2D8966 /* Frameworks */,
				40A360006252EAA174813320 /* [CP] Embed Pods Frameworks */,
			);
			buildRules = (
			);
			dependencies = (
			);
			name = XcodeGenSample;
			productName = XcodeGenSample;
			productReference = E9AAE5C3AE30D230C04CF498 /* XcodeGenSample.app */;
			productType = "com.apple.product-type.application";
		};
		F41E47BD27623C4600F2286F /* XcodeGenSampleTests */ = {
			isa = PBXNativeTarget;
			buildConfigurationList = F41E47C427623C4600F2286F /* Build configuration list for PBXNativeTarget "XcodeGenSampleTests" */;
			buildPhases = (
				B28F31F9F5C859599AE979E0 /* [CP] Check Pods Manifest.lock */,
				F41E47BA27623C4600F2286F /* Sources */,
				F41E47BB27623C4600F2286F /* Frameworks */,
				F41E47BC27623C4600F2286F /* Resources */,
				6BC2457144A2DC1B2500A24C /* [CP] Embed Pods Frameworks */,
			);
			buildRules = (
			);
			dependencies = (
				F41E47C327623C4600F2286F /* PBXTargetDependency */,
			);
			name = XcodeGenSampleTests;
			productName = XcodeGenSampleTests;
			productReference = F41E47BE27623C4600F2286F /* XcodeGenSampleTests.xctest */;
			productType = "com.apple.product-type.bundle.unit-test";
		};
/* End PBXNativeTarget section */

/* Begin PBXProject section */
		0DA2213E977D40793E73C0F0 /* Project object */ = {
			isa = PBXProject;
			attributes = {
				LastSwiftUpdateCheck = 1300;
				LastUpgradeCheck = 1200;
				TargetAttributes = {
					F41E47BD27623C4600F2286F = {
						CreatedOnToolsVersion = 13.0;
						TestTargetID = 4B10A4F852AC5D61665DA1DA;
					};
				};
			};
			buildConfigurationList = 4B60AA4FDDCCE266A1ACCF49 /* Build configuration list for PBXProject "iOSChallenge" */;
			compatibilityVersion = "Xcode 10.0";
			developmentRegion = en;
			hasScannedForEncodings = 0;
			knownRegions = (
				Base,
				en,
			);
			mainGroup = A0EE85990684F8B66F9D1335;
			productRefGroup = 2D08A7252F954D23D8CB4303 /* Products */;
			projectDirPath = "";
			projectRoot = "";
			targets = (
				4B10A4F852AC5D61665DA1DA /* XcodeGenSample */,
				F41E47BD27623C4600F2286F /* XcodeGenSampleTests */,
			);
		};
/* End PBXProject section */

/* Begin PBXResourcesBuildPhase section */
		27138C22F769E845172CBC74 /* Resources */ = {
			isa = PBXResourcesBuildPhase;
			buildActionMask = 2147483647;
			files = (
				C9A1299A4E9A869730C65D99 /* LoginStoryBoard.storyboard in Resources */,
				81C32B5270A3E513D544F60B /* MainMenuStoryBoard.storyboard in Resources */,
				F3A5C0ADCAE2605D5D49D5D6 /* RegisterStoryBoard.storyboard in Resources */,
				F41E47D22762D87D00F2286F /* StatesTableViewCell.xib in Resources */,
				F46886E7275D65AC001A2A24 /* FeedMenuStoryBoard.storyboard in Resources */,
			);
			runOnlyForDeploymentPostprocessing = 0;
		};
		F41E47BC27623C4600F2286F /* Resources */ = {
			isa = PBXResourcesBuildPhase;
			buildActionMask = 2147483647;
			files = (
			);
			runOnlyForDeploymentPostprocessing = 0;
		};
/* End PBXResourcesBuildPhase section */

/* Begin PBXShellScriptBuildPhase section */
		40A360006252EAA174813320 /* [CP] Embed Pods Frameworks */ = {
			isa = PBXShellScriptBuildPhase;
			buildActionMask = 2147483647;
			files = (
			);
			inputFileListPaths = (
				"${PODS_ROOT}/Target Support Files/Pods-XcodeGenSample/Pods-XcodeGenSample-frameworks-${CONFIGURATION}-input-files.xcfilelist",
			);
			name = "[CP] Embed Pods Frameworks";
			outputFileListPaths = (
				"${PODS_ROOT}/Target Support Files/Pods-XcodeGenSample/Pods-XcodeGenSample-frameworks-${CONFIGURATION}-output-files.xcfilelist",
			);
			runOnlyForDeploymentPostprocessing = 0;
			shellPath = /bin/sh;
			shellScript = "\"${PODS_ROOT}/Target Support Files/Pods-XcodeGenSample/Pods-XcodeGenSample-frameworks.sh\"\n";
			showEnvVarsInLog = 0;
		};
		4DB3B6464E484C2DFD2BFA73 /* [CP] Check Pods Manifest.lock */ = {
			isa = PBXShellScriptBuildPhase;
			buildActionMask = 2147483647;
			files = (
			);
			inputFileListPaths = (
			);
			inputPaths = (
				"${PODS_PODFILE_DIR_PATH}/Podfile.lock",
				"${PODS_ROOT}/Manifest.lock",
			);
			name = "[CP] Check Pods Manifest.lock";
			outputFileListPaths = (
			);
			outputPaths = (
				"$(DERIVED_FILE_DIR)/Pods-XcodeGenSample-checkManifestLockResult.txt",
			);
			runOnlyForDeploymentPostprocessing = 0;
			shellPath = /bin/sh;
			shellScript = "diff \"${PODS_PODFILE_DIR_PATH}/Podfile.lock\" \"${PODS_ROOT}/Manifest.lock\" > /dev/null\nif [ $? != 0 ] ; then\n    # print error to STDERR\n    echo \"error: The sandbox is not in sync with the Podfile.lock. Run 'pod install' or update your CocoaPods installation.\" >&2\n    exit 1\nfi\n# This output is used by Xcode 'outputs' to avoid re-running this script phase.\necho \"SUCCESS\" > \"${SCRIPT_OUTPUT_FILE_0}\"\n";
			showEnvVarsInLog = 0;
		};
		6BC2457144A2DC1B2500A24C /* [CP] Embed Pods Frameworks */ = {
			isa = PBXShellScriptBuildPhase;
			buildActionMask = 2147483647;
			files = (
			);
			inputFileListPaths = (
				"${PODS_ROOT}/Target Support Files/Pods-XcodeGenSampleTests/Pods-XcodeGenSampleTests-frameworks-${CONFIGURATION}-input-files.xcfilelist",
			);
			name = "[CP] Embed Pods Frameworks";
			outputFileListPaths = (
				"${PODS_ROOT}/Target Support Files/Pods-XcodeGenSampleTests/Pods-XcodeGenSampleTests-frameworks-${CONFIGURATION}-output-files.xcfilelist",
			);
			runOnlyForDeploymentPostprocessing = 0;
			shellPath = /bin/sh;
			shellScript = "\"${PODS_ROOT}/Target Support Files/Pods-XcodeGenSampleTests/Pods-XcodeGenSampleTests-frameworks.sh\"\n";
			showEnvVarsInLog = 0;
		};
		B28F31F9F5C859599AE979E0 /* [CP] Check Pods Manifest.lock */ = {
			isa = PBXShellScriptBuildPhase;
			buildActionMask = 2147483647;
			files = (
			);
			inputFileListPaths = (
			);
			inputPaths = (
				"${PODS_PODFILE_DIR_PATH}/Podfile.lock",
				"${PODS_ROOT}/Manifest.lock",
			);
			name = "[CP] Check Pods Manifest.lock";
			outputFileListPaths = (
			);
			outputPaths = (
				"$(DERIVED_FILE_DIR)/Pods-XcodeGenSampleTests-checkManifestLockResult.txt",
			);
			runOnlyForDeploymentPostprocessing = 0;
			shellPath = /bin/sh;
			shellScript = "diff \"${PODS_PODFILE_DIR_PATH}/Podfile.lock\" \"${PODS_ROOT}/Manifest.lock\" > /dev/null\nif [ $? != 0 ] ; then\n    # print error to STDERR\n    echo \"error: The sandbox is not in sync with the Podfile.lock. Run 'pod install' or update your CocoaPods installation.\" >&2\n    exit 1\nfi\n# This output is used by Xcode 'outputs' to avoid re-running this script phase.\necho \"SUCCESS\" > \"${SCRIPT_OUTPUT_FILE_0}\"\n";
			showEnvVarsInLog = 0;
		};
/* End PBXShellScriptBuildPhase section */

/* Begin PBXSourcesBuildPhase section */
		1B37C8CF625AE0B9682DD5C2 /* Sources */ = {
			isa = PBXSourcesBuildPhase;
			buildActionMask = 2147483647;
			files = (
				6088DE894B65683D2852F29A /* CoordinatorProtocol.swift in Sources */,
				F41E47CD2762C0C400F2286F /* StatesData.swift in Sources */,
				EBE7E43EEA8482412AA24D59 /* LoginViewController.swift in Sources */,
				F4CA666C2757F204008EEAA6 /* main.swift in Sources */,
				A115FE8E9F24416B23171378 /* MainCoordinator.swift in Sources */,
				2EC24B0F85E76386DBE5CEA4 /* MainMenuViewController.swift in Sources */,
				A1448F02DFC90FFD904C0018 /* MainMenuViewModel.swift in Sources */,
				F464CDFB2763995700F4EC83 /* Data.swift in Sources */,
				3EBD4DE2E4A69F89887D72B5 /* News.swift in Sources */,
				A66E1676FF336E3F3B26AFA6 /* RegisterViewController.swift in Sources */,
				F46886EE275D77CC001A2A24 /* LoginViewModel.swift in Sources */,
				F46886F0275D7AA8001A2A24 /* RegisterViewModel.swift in Sources */,
				F46886E9275D65CD001A2A24 /* FeedMenuViewController.swift in Sources */,
				F4CA666D2757F204008EEAA6 /* AppDelegate.swift in Sources */,
				2810EAC9091B4B5A033621E5 /* Storyboarded.swift in Sources */,
				F46886EB275D65E5001A2A24 /* FeedMenuViewModel.swift in Sources */,
				F41E47D42762D8A400F2286F /* StatesTableViewCell.swift in Sources */,
				F4D95AAB276F7AC1001ED03E /* FetchStatesDataUseCase.swift in Sources */,
				F41E47CF2762C1EA00F2286F /* HTTPNetworkClient.swift in Sources */,
			);
			runOnlyForDeploymentPostprocessing = 0;
		};
		F41E47BA27623C4600F2286F /* Sources */ = {
			isa = PBXSourcesBuildPhase;
			buildActionMask = 2147483647;
			files = (
				F46E39032774C05200808312 /* TableViewCellSnapShotContainer.swift in Sources */,
				F46E38FF27739BD700808312 /* TestStatesDataRequest.swift in Sources */,
				F41E47C827623C5A00F2286F /* ScreenSizes.swift in Sources */,
				F41E47C927623C5E00F2286F /* BaseSnapShotTest.swift in Sources */,
				F41E47C727623C5700F2286F /* LoginScreenTests.swift in Sources */,
				F46E39012774A0A100808312 /* FeedMenuScreenTest.swift in Sources */,
				F46E38FD277385BC00808312 /* StatesDataMock.swift in Sources */,
			);
			runOnlyForDeploymentPostprocessing = 0;
		};
/* End PBXSourcesBuildPhase section */

/* Begin PBXTargetDependency section */
		F41E47C327623C4600F2286F /* PBXTargetDependency */ = {
			isa = PBXTargetDependency;
			target = 4B10A4F852AC5D61665DA1DA /* XcodeGenSample */;
			targetProxy = F41E47C227623C4600F2286F /* PBXContainerItemProxy */;
		};
/* End PBXTargetDependency section */

/* Begin XCBuildConfiguration section */
		54050CAE9AAD6CC4F0A181FD /* Release */ = {
			isa = XCBuildConfiguration;
			buildSettings = {
				ALWAYS_SEARCH_USER_PATHS = NO;
				CLANG_ANALYZER_NONNULL = YES;
				CLANG_ANALYZER_NUMBER_OBJECT_CONVERSION = YES_AGGRESSIVE;
				CLANG_CXX_LANGUAGE_STANDARD = "gnu++14";
				CLANG_CXX_LIBRARY = "libc++";
				CLANG_ENABLE_MODULES = YES;
				CLANG_ENABLE_OBJC_ARC = YES;
				CLANG_ENABLE_OBJC_WEAK = YES;
				CLANG_WARN_BLOCK_CAPTURE_AUTORELEASING = YES;
				CLANG_WARN_BOOL_CONVERSION = YES;
				CLANG_WARN_COMMA = YES;
				CLANG_WARN_CONSTANT_CONVERSION = YES;
				CLANG_WARN_DEPRECATED_OBJC_IMPLEMENTATIONS = YES;
				CLANG_WARN_DIRECT_OBJC_ISA_USAGE = YES_ERROR;
				CLANG_WARN_DOCUMENTATION_COMMENTS = YES;
				CLANG_WARN_EMPTY_BODY = YES;
				CLANG_WARN_ENUM_CONVERSION = YES;
				CLANG_WARN_INFINITE_RECURSION = YES;
				CLANG_WARN_INT_CONVERSION = YES;
				CLANG_WARN_NON_LITERAL_NULL_CONVERSION = YES;
				CLANG_WARN_OBJC_IMPLICIT_RETAIN_SELF = YES;
				CLANG_WARN_OBJC_LITERAL_CONVERSION = YES;
				CLANG_WARN_OBJC_ROOT_CLASS = YES_ERROR;
				CLANG_WARN_QUOTED_INCLUDE_IN_FRAMEWORK_HEADER = YES;
				CLANG_WARN_RANGE_LOOP_ANALYSIS = YES;
				CLANG_WARN_STRICT_PROTOTYPES = YES;
				CLANG_WARN_SUSPICIOUS_MOVE = YES;
				CLANG_WARN_UNGUARDED_AVAILABILITY = YES_AGGRESSIVE;
				CLANG_WARN_UNREACHABLE_CODE = YES;
				CLANG_WARN__DUPLICATE_METHOD_MATCH = YES;
				COPY_PHASE_STRIP = NO;
				DEBUG_INFORMATION_FORMAT = "dwarf-with-dsym";
				ENABLE_NS_ASSERTIONS = NO;
				ENABLE_STRICT_OBJC_MSGSEND = YES;
				GCC_C_LANGUAGE_STANDARD = gnu11;
				GCC_NO_COMMON_BLOCKS = YES;
				GCC_WARN_64_TO_32_BIT_CONVERSION = YES;
				GCC_WARN_ABOUT_RETURN_TYPE = YES_ERROR;
				GCC_WARN_UNDECLARED_SELECTOR = YES;
				GCC_WARN_UNINITIALIZED_AUTOS = YES_AGGRESSIVE;
				GCC_WARN_UNUSED_FUNCTION = YES;
				GCC_WARN_UNUSED_VARIABLE = YES;
				IPHONEOS_DEPLOYMENT_TARGET = 13.0;
				MTL_ENABLE_DEBUG_INFO = NO;
				MTL_FAST_MATH = YES;
				PRODUCT_NAME = "$(TARGET_NAME)";
				SDKROOT = iphoneos;
				SWIFT_COMPILATION_MODE = wholemodule;
				SWIFT_OPTIMIZATION_LEVEL = "-O";
				SWIFT_VERSION = 5.0;
			};
			name = Release;
		};
		8B0B5A41845BE6E45F05CDB0 /* Release */ = {
			isa = XCBuildConfiguration;
			baseConfigurationReference = 04DDB5CD48FEBBDA4B28D244 /* Pods-XcodeGenSample.release.xcconfig */;
			buildSettings = {
				ASSETCATALOG_COMPILER_APPICON_NAME = AppIcon;
				CODE_SIGN_ENTITLEMENTS = XcodeGenSample.entitlements;
				CODE_SIGN_IDENTITY = "iPhone Developer";
				INFOPLIST_FILE = iOSChallenge/Info.plist;
				LD_RUNPATH_SEARCH_PATHS = (
					"$(inherited)",
					"@executable_path/Frameworks",
				);
				PRODUCT_BUNDLE_IDENTIFIER = com.brp.XcodeGenSample;
				SDKROOT = iphoneos;
				TARGETED_DEVICE_FAMILY = "1,2";
			};
			name = Release;
		};
		9503F75CF9394437B941BB73 /* Debug */ = {
			isa = XCBuildConfiguration;
			baseConfigurationReference = B8BD1AD3605BFAB47042C7EF /* Pods-XcodeGenSample.debug.xcconfig */;
			buildSettings = {
				ASSETCATALOG_COMPILER_APPICON_NAME = AppIcon;
				CODE_SIGN_ENTITLEMENTS = XcodeGenSample.entitlements;
				CODE_SIGN_IDENTITY = "iPhone Developer";
				INFOPLIST_FILE = iOSChallenge/Info.plist;
				LD_RUNPATH_SEARCH_PATHS = (
					"$(inherited)",
					"@executable_path/Frameworks",
				);
				PRODUCT_BUNDLE_IDENTIFIER = com.brp.XcodeGenSample;
				SDKROOT = iphoneos;
				TARGETED_DEVICE_FAMILY = "1,2";
			};
			name = Debug;
		};
		D65821DEC6AEBC7D110FE661 /* Debug */ = {
			isa = XCBuildConfiguration;
			buildSettings = {
				ALWAYS_SEARCH_USER_PATHS = NO;
				CLANG_ANALYZER_NONNULL = YES;
				CLANG_ANALYZER_NUMBER_OBJECT_CONVERSION = YES_AGGRESSIVE;
				CLANG_CXX_LANGUAGE_STANDARD = "gnu++14";
				CLANG_CXX_LIBRARY = "libc++";
				CLANG_ENABLE_MODULES = YES;
				CLANG_ENABLE_OBJC_ARC = YES;
				CLANG_ENABLE_OBJC_WEAK = YES;
				CLANG_WARN_BLOCK_CAPTURE_AUTORELEASING = YES;
				CLANG_WARN_BOOL_CONVERSION = YES;
				CLANG_WARN_COMMA = YES;
				CLANG_WARN_CONSTANT_CONVERSION = YES;
				CLANG_WARN_DEPRECATED_OBJC_IMPLEMENTATIONS = YES;
				CLANG_WARN_DIRECT_OBJC_ISA_USAGE = YES_ERROR;
				CLANG_WARN_DOCUMENTATION_COMMENTS = YES;
				CLANG_WARN_EMPTY_BODY = YES;
				CLANG_WARN_ENUM_CONVERSION = YES;
				CLANG_WARN_INFINITE_RECURSION = YES;
				CLANG_WARN_INT_CONVERSION = YES;
				CLANG_WARN_NON_LITERAL_NULL_CONVERSION = YES;
				CLANG_WARN_OBJC_IMPLICIT_RETAIN_SELF = YES;
				CLANG_WARN_OBJC_LITERAL_CONVERSION = YES;
				CLANG_WARN_OBJC_ROOT_CLASS = YES_ERROR;
				CLANG_WARN_QUOTED_INCLUDE_IN_FRAMEWORK_HEADER = YES;
				CLANG_WARN_RANGE_LOOP_ANALYSIS = YES;
				CLANG_WARN_STRICT_PROTOTYPES = YES;
				CLANG_WARN_SUSPICIOUS_MOVE = YES;
				CLANG_WARN_UNGUARDED_AVAILABILITY = YES_AGGRESSIVE;
				CLANG_WARN_UNREACHABLE_CODE = YES;
				CLANG_WARN__DUPLICATE_METHOD_MATCH = YES;
				COPY_PHASE_STRIP = NO;
				DEBUG_INFORMATION_FORMAT = dwarf;
				ENABLE_STRICT_OBJC_MSGSEND = YES;
				ENABLE_TESTABILITY = YES;
				GCC_C_LANGUAGE_STANDARD = gnu11;
				GCC_DYNAMIC_NO_PIC = NO;
				GCC_NO_COMMON_BLOCKS = YES;
				GCC_OPTIMIZATION_LEVEL = 0;
				GCC_PREPROCESSOR_DEFINITIONS = (
					"$(inherited)",
					"DEBUG=1",
				);
				GCC_WARN_64_TO_32_BIT_CONVERSION = YES;
				GCC_WARN_ABOUT_RETURN_TYPE = YES_ERROR;
				GCC_WARN_UNDECLARED_SELECTOR = YES;
				GCC_WARN_UNINITIALIZED_AUTOS = YES_AGGRESSIVE;
				GCC_WARN_UNUSED_FUNCTION = YES;
				GCC_WARN_UNUSED_VARIABLE = YES;
				IPHONEOS_DEPLOYMENT_TARGET = 13.0;
				MTL_ENABLE_DEBUG_INFO = INCLUDE_SOURCE;
				MTL_FAST_MATH = YES;
				ONLY_ACTIVE_ARCH = YES;
				PRODUCT_NAME = "$(TARGET_NAME)";
				SDKROOT = iphoneos;
				SWIFT_ACTIVE_COMPILATION_CONDITIONS = DEBUG;
				SWIFT_OPTIMIZATION_LEVEL = "-Onone";
				SWIFT_VERSION = 5.0;
			};
			name = Debug;
		};
		F41E47C527623C4600F2286F /* Debug */ = {
			isa = XCBuildConfiguration;
			baseConfigurationReference = 266BAC24566D7976F125AA73 /* Pods-XcodeGenSampleTests.debug.xcconfig */;
			buildSettings = {
				BUNDLE_LOADER = "$(TEST_HOST)";
				CLANG_CXX_LANGUAGE_STANDARD = "gnu++17";
				CODE_SIGN_STYLE = Automatic;
				CURRENT_PROJECT_VERSION = 1;
				DEVELOPMENT_TEAM = B9LYH42J24;
				GCC_PREPROCESSOR_DEFINITIONS = (
					"DEBUG=1",
					"$(inherited)",
				);
				GENERATE_INFOPLIST_FILE = YES;
				IPHONEOS_DEPLOYMENT_TARGET = 15.0;
				LD_RUNPATH_SEARCH_PATHS = (
					"$(inherited)",
					"@executable_path/Frameworks",
					"@loader_path/Frameworks",
				);
				MARKETING_VERSION = 1.0;
				PRODUCT_BUNDLE_IDENTIFIER = com.brp.XcodeGenSampleTests;
				PRODUCT_NAME = "$(TARGET_NAME)";
				SWIFT_EMIT_LOC_STRINGS = NO;
				SWIFT_VERSION = 5.0;
				TARGETED_DEVICE_FAMILY = "1,2";
				TEST_HOST = "$(BUILT_PRODUCTS_DIR)/XcodeGenSample.app/XcodeGenSample";
			};
			name = Debug;
		};
		F41E47C627623C4600F2286F /* Release */ = {
			isa = XCBuildConfiguration;
			baseConfigurationReference = 8BAD1A6106C59597CD7891F8 /* Pods-XcodeGenSampleTests.release.xcconfig */;
			buildSettings = {
				BUNDLE_LOADER = "$(TEST_HOST)";
				CLANG_CXX_LANGUAGE_STANDARD = "gnu++17";
				CODE_SIGN_STYLE = Automatic;
				CURRENT_PROJECT_VERSION = 1;
				DEVELOPMENT_TEAM = B9LYH42J24;
				GENERATE_INFOPLIST_FILE = YES;
				IPHONEOS_DEPLOYMENT_TARGET = 15.0;
				LD_RUNPATH_SEARCH_PATHS = (
					"$(inherited)",
					"@executable_path/Frameworks",
					"@loader_path/Frameworks",
				);
				MARKETING_VERSION = 1.0;
				PRODUCT_BUNDLE_IDENTIFIER = com.brp.XcodeGenSampleTests;
				PRODUCT_NAME = "$(TARGET_NAME)";
				SWIFT_EMIT_LOC_STRINGS = NO;
				SWIFT_VERSION = 5.0;
				TARGETED_DEVICE_FAMILY = "1,2";
				TEST_HOST = "$(BUILT_PRODUCTS_DIR)/XcodeGenSample.app/XcodeGenSample";
				VALIDATE_PRODUCT = YES;
			};
			name = Release;
		};
/* End XCBuildConfiguration section */

/* Begin XCConfigurationList section */
		04B1DE7BDA311F04EDDD6B56 /* Build configuration list for PBXNativeTarget "XcodeGenSample" */ = {
			isa = XCConfigurationList;
			buildConfigurations = (
				9503F75CF9394437B941BB73 /* Debug */,
				8B0B5A41845BE6E45F05CDB0 /* Release */,
			);
			defaultConfigurationIsVisible = 0;
			defaultConfigurationName = Debug;
		};
		4B60AA4FDDCCE266A1ACCF49 /* Build configuration list for PBXProject "iOSChallenge" */ = {
			isa = XCConfigurationList;
			buildConfigurations = (
				D65821DEC6AEBC7D110FE661 /* Debug */,
				54050CAE9AAD6CC4F0A181FD /* Release */,
			);
			defaultConfigurationIsVisible = 0;
			defaultConfigurationName = Debug;
		};
		F41E47C427623C4600F2286F /* Build configuration list for PBXNativeTarget "XcodeGenSampleTests" */ = {
			isa = XCConfigurationList;
			buildConfigurations = (
				F41E47C527623C4600F2286F /* Debug */,
				F41E47C627623C4600F2286F /* Release */,
			);
			defaultConfigurationIsVisible = 0;
			defaultConfigurationName = Debug;
		};
/* End XCConfigurationList section */
	};
	rootObject = 0DA2213E977D40793E73C0F0 /* Project object */;
}
